# THIS IS AN AUTOGENERATED FILE. DO NOT EDIT THIS FILE DIRECTLY.
# yarn lockfile v1


cookie@^1.0.1:
  version "1.0.2"
  resolved "https://registry.yarnpkg.com/cookie/-/cookie-1.0.2.tgz#27360701532116bd3f1f9416929d176afe1e4610"
  integrity sha512-9Kr/j4O16ISv8zBBhJoi4bXOYNTkFLOqSL3UDB0njXxCXNezjeyVrJyGOWtgfs/q2km1gwBcfH8q1yEGoMYunA==

react-router-dom@^7.5.1:
  version "7.5.1"
  resolved "https://registry.yarnpkg.com/react-router-dom/-/react-router-dom-7.5.1.tgz#16ffa63006dfdbab53cf243be84c29535e7dc4e0"
  integrity sha512-5DPSPc7ENrt2tlKPq0FtpG80ZbqA9aIKEyqX6hSNJDlol/tr6iqCK4crqdsusmOSSotq6zDsn0y3urX9TuTNmA==
  dependencies:
    react-router "7.5.1"

react-router@7.5.1:
  version "7.5.1"
  resolved "https://registry.yarnpkg.com/react-router/-/react-router-7.5.1.tgz#e0bae54e913d139e727e7a88d165174a2cdbeb27"
  integrity sha512-/jjU3fcYNd2bwz9Q0xt5TwyiyoO8XjSEFXJY4O/lMAlkGTHWuHRAbR9Etik+lSDqMC7A7mz3UlXzgYT6Vl58sA==
  dependencies:
    cookie "^1.0.1"
    set-cookie-parser "^2.6.0"
    turbo-stream "2.4.0"

set-cookie-parser@^2.6.0:
  version "2.7.1"
  resolved "https://registry.yarnpkg.com/set-cookie-parser/-/set-cookie-parser-2.7.1.tgz#3016f150072202dfbe90fadee053573cc89d2943"
  integrity sha512-IOc8uWeOZgnb3ptbCURJWNjWUPcO3ZnTTdzsurqERrP6nPyv+paC55vJM0LpOlT2ne+Ix+9+CRG1MNLlyZ4GjQ==

turbo-stream@2.4.0:
  version "2.4.0"
  resolved "https://registry.yarnpkg.com/turbo-stream/-/turbo-stream-2.4.0.tgz#1e4fca6725e90fa14ac4adb782f2d3759a5695f0"
  integrity sha512-FHncC10WpBd2eOmGwpmQsWLDoK4cqsA/UT/GqNoaKOQnT8uzhtCbg3EoUDMvqpOSAI0S26mr0rkjzbOO6S3v1g==
